
Microsoft Visual Studio Solution File, Format Version 12.00
# Visual Studio Version 17
VisualStudioVersion = 17.10.35013.160
MinimumVisualStudioVersion = 10.0.40219.1
Project("{FAE04EC0-301F-11D3-BF4B-00C04F79EFBC}") = "BongoFury", "BongoFury\BongoFury.csproj", "{17C86756-E0D2-4EF8-BD84-A9559AFFCAA0}"
EndProject
Global
	GlobalSection(SolutionConfigurationPlatforms) = preSolution
		Debug|Any CPU = Debug|Any CPU
		Release|Any CPU = Release|Any CPU
	EndGlobalSection
	GlobalSection(ProjectConfigurationPlatforms) = postSolution
		{17C86756-E0D2-4EF8-BD84-A9559AFFCAA0}.Debug|Any CPU.ActiveCfg = Debug|Any CPU
		{17C86756-E0D2-4EF8-BD84-A9559AFFCAA0}.Debug|Any CPU.Build.0 = Debug|Any CPU
		{17C86756-E0D2-4EF8-BD84-A9559AFFCAA0}.Release|Any CPU.ActiveCfg = Release|Any CPU
		{17C86756-E0D2-4EF8-BD84-A9559AFFCAA0}.Release|Any CPU.Build.0 = Release|Any CPU
	EndGlobalSection
	GlobalSection(SolutionProperties) = preSolution
		HideSolutionNode = FALSE
	EndGlobalSection
	GlobalSection(ExtensibilityGlobals) = postSolution
		SolutionGuid = {C489FE3A-70EB-4BC5-8237-ADA28B721003}
	EndGlobalSection
EndGlobal
